
Microsoft Visual Studio Solution File, Format Version 12.00
# Visual Studio Version 16
VisualStudioVersion = 16.0.32002.261
MinimumVisualStudioVersion = 10.0.40219.1
Project("{9A19103F-16F7-4668-BE54-9A1E7A4F7556}") = "Mission3", "MyFirstASPNETWebApp\Mission3.csproj", "{3E98EEB7-9A25-4A6A-AEEE-AFE3F1FF5237}"
EndProject
Global
	GlobalSection(SolutionConfigurationPlatforms) = preSolution
		Debug|Any CPU = Debug|Any CPU
		Release|Any CPU = Release|Any CPU
	EndGlobalSection
	GlobalSection(ProjectConfigurationPlatforms) = postSolution
		{3E98EEB7-9A25-4A6A-AEEE-AFE3F1FF5237}.Debug|Any CPU.ActiveCfg = Debug|Any CPU
		{3E98EEB7-9A25-4A6A-AEEE-AFE3F1FF5237}.Debug|Any CPU.Build.0 = Debug|Any CPU
		{3E98EEB7-9A25-4A6A-AEEE-AFE3F1FF5237}.Release|Any CPU.ActiveCfg = Release|Any CPU
		{3E98EEB7-9A25-4A6A-AEEE-AFE3F1FF5237}.Release|Any CPU.Build.0 = Release|Any CPU
	EndGlobalSection
	GlobalSection(SolutionProperties) = preSolution
		HideSolutionNode = FALSE
	EndGlobalSection
	GlobalSection(ExtensibilityGlobals) = postSolution
		SolutionGuid = {A6A63E07-D5DE-4EA7-8EE1-6B06624F5AB2}
	EndGlobalSection
EndGlobal
